
Microsoft Visual Studio Solution File, Format Version 12.00
# Visual Studio Version 16
VisualStudioVersion = 16.0.31205.134
MinimumVisualStudioVersion = 10.0.40219.1
Project("{FAE04EC0-301F-11D3-BF4B-00C04F79EFBC}") = "SerwisCzesci", "SerwisCzesci\SerwisCzesci.csproj", "{748B11D5-A6F1-41DC-8B9D-182AB115889E}"
EndProject
Global
	GlobalSection(SolutionConfigurationPlatforms) = preSolution
		Debug|Any CPU = Debug|Any CPU
		Release|Any CPU = Release|Any CPU
	EndGlobalSection
	GlobalSection(ProjectConfigurationPlatforms) = postSolution
		{748B11D5-A6F1-41DC-8B9D-182AB115889E}.Debug|Any CPU.ActiveCfg = Debug|Any CPU
		{748B11D5-A6F1-41DC-8B9D-182AB115889E}.Debug|Any CPU.Build.0 = Debug|Any CPU
		{748B11D5-A6F1-41DC-8B9D-182AB115889E}.Release|Any CPU.ActiveCfg = Release|Any CPU
		{748B11D5-A6F1-41DC-8B9D-182AB115889E}.Release|Any CPU.Build.0 = Release|Any CPU
	EndGlobalSection
	GlobalSection(SolutionProperties) = preSolution
		HideSolutionNode = FALSE
	EndGlobalSection
	GlobalSection(ExtensibilityGlobals) = postSolution
		SolutionGuid = {A87D5743-701E-44F7-AA43-F7CB1231155D}
	EndGlobalSection
EndGlobal
